
Microsoft Visual Studio Solution File, Format Version 12.00
# Visual Studio Version 16
VisualStudioVersion = 16.0.30413.136
MinimumVisualStudioVersion = 10.0.40219.1
Project("{FAE04EC0-301F-11D3-BF4B-00C04F79EFBC}") = "GrpcService2", "GrpcService2.csproj", "{5FAAD170-3087-464C-8EF5-7435064A26EF}"
EndProject
Project("{FAE04EC0-301F-11D3-BF4B-00C04F79EFBC}") = "client2", "..\client2\client2.csproj", "{A0697F27-EC8B-478B-AB74-3421F79F4360}"
EndProject
Global
	GlobalSection(SolutionConfigurationPlatforms) = preSolution
		Debug|Any CPU = Debug|Any CPU
		Release|Any CPU = Release|Any CPU
	EndGlobalSection
	GlobalSection(ProjectConfigurationPlatforms) = postSolution
		{5FAAD170-3087-464C-8EF5-7435064A26EF}.Debug|Any CPU.ActiveCfg = Debug|Any CPU
		{5FAAD170-3087-464C-8EF5-7435064A26EF}.Debug|Any CPU.Build.0 = Debug|Any CPU
		{5FAAD170-3087-464C-8EF5-7435064A26EF}.Release|Any CPU.ActiveCfg = Release|Any CPU
		{5FAAD170-3087-464C-8EF5-7435064A26EF}.Release|Any CPU.Build.0 = Release|Any CPU
		{A0697F27-EC8B-478B-AB74-3421F79F4360}.Debug|Any CPU.ActiveCfg = Debug|Any CPU
		{A0697F27-EC8B-478B-AB74-3421F79F4360}.Debug|Any CPU.Build.0 = Debug|Any CPU
		{A0697F27-EC8B-478B-AB74-3421F79F4360}.Release|Any CPU.ActiveCfg = Release|Any CPU
		{A0697F27-EC8B-478B-AB74-3421F79F4360}.Release|Any CPU.Build.0 = Release|Any CPU
	EndGlobalSection
	GlobalSection(SolutionProperties) = preSolution
		HideSolutionNode = FALSE
	EndGlobalSection
	GlobalSection(ExtensibilityGlobals) = postSolution
		SolutionGuid = {140E0817-9633-430F-8F8C-52058017E818}
	EndGlobalSection
EndGlobal
